
Microsoft Visual Studio Solution File, Format Version 12.00
# Visual Studio Version 17
VisualStudioVersion = 17.11.35327.3
MinimumVisualStudioVersion = 10.0.40219.1
Project("{FAE04EC0-301F-11D3-BF4B-00C04F79EFBC}") = "Admin_Job", "Admin_Job\Admin_Job.csproj", "{51CD4395-08A8-46C1-A17E-4A639220CC87}"
EndProject
Global
	GlobalSection(SolutionConfigurationPlatforms) = preSolution
		Debug|Any CPU = Debug|Any CPU
		Release|Any CPU = Release|Any CPU
	EndGlobalSection
	GlobalSection(ProjectConfigurationPlatforms) = postSolution
		{51CD4395-08A8-46C1-A17E-4A639220CC87}.Debug|Any CPU.ActiveCfg = Debug|Any CPU
		{51CD4395-08A8-46C1-A17E-4A639220CC87}.Debug|Any CPU.Build.0 = Debug|Any CPU
		{51CD4395-08A8-46C1-A17E-4A639220CC87}.Release|Any CPU.ActiveCfg = Release|Any CPU
		{51CD4395-08A8-46C1-A17E-4A639220CC87}.Release|Any CPU.Build.0 = Release|Any CPU
	EndGlobalSection
	GlobalSection(SolutionProperties) = preSolution
		HideSolutionNode = FALSE
	EndGlobalSection
	GlobalSection(ExtensibilityGlobals) = postSolution
		SolutionGuid = {F3D762B2-251A-4EBB-9A96-6564A21C424B}
	EndGlobalSection
EndGlobal
