
Microsoft Visual Studio Solution File, Format Version 12.00
# Visual Studio Version 17
VisualStudioVersion = 17.13.35806.99 d17.13
MinimumVisualStudioVersion = 10.0.40219.1
Project("{FAE04EC0-301F-11D3-BF4B-00C04F79EFBC}") = "MVC_Register", "MVC_Register.csproj", "{A1D126C6-EC23-4D2C-AFB9-54D36D68F408}"
EndProject
Global
	GlobalSection(SolutionConfigurationPlatforms) = preSolution
		Debug|Any CPU = Debug|Any CPU
		Release|Any CPU = Release|Any CPU
	EndGlobalSection
	GlobalSection(ProjectConfigurationPlatforms) = postSolution
		{A1D126C6-EC23-4D2C-AFB9-54D36D68F408}.Debug|Any CPU.ActiveCfg = Debug|Any CPU
		{A1D126C6-EC23-4D2C-AFB9-54D36D68F408}.Debug|Any CPU.Build.0 = Debug|Any CPU
		{A1D126C6-EC23-4D2C-AFB9-54D36D68F408}.Release|Any CPU.ActiveCfg = Release|Any CPU
		{A1D126C6-EC23-4D2C-AFB9-54D36D68F408}.Release|Any CPU.Build.0 = Release|Any CPU
	EndGlobalSection
	GlobalSection(SolutionProperties) = preSolution
		HideSolutionNode = FALSE
	EndGlobalSection
	GlobalSection(ExtensibilityGlobals) = postSolution
		SolutionGuid = {35BAD0F1-D9BD-4F2F-BE8E-4EBC35F27EA3}
	EndGlobalSection
EndGlobal
