
Microsoft Visual Studio Solution File, Format Version 12.00
# Visual Studio Version 17
VisualStudioVersion = 17.13.35806.99 d17.13
MinimumVisualStudioVersion = 10.0.40219.1
Project("{FAE04EC0-301F-11D3-BF4B-00C04F79EFBC}") = "EFCode", "EFCode.csproj", "{20B39E6F-9475-4D68-AA57-340D30D4FD19}"
EndProject
Global
	GlobalSection(SolutionConfigurationPlatforms) = preSolution
		Debug|Any CPU = Debug|Any CPU
		Release|Any CPU = Release|Any CPU
	EndGlobalSection
	GlobalSection(ProjectConfigurationPlatforms) = postSolution
		{20B39E6F-9475-4D68-AA57-340D30D4FD19}.Debug|Any CPU.ActiveCfg = Debug|Any CPU
		{20B39E6F-9475-4D68-AA57-340D30D4FD19}.Debug|Any CPU.Build.0 = Debug|Any CPU
		{20B39E6F-9475-4D68-AA57-340D30D4FD19}.Release|Any CPU.ActiveCfg = Release|Any CPU
		{20B39E6F-9475-4D68-AA57-340D30D4FD19}.Release|Any CPU.Build.0 = Release|Any CPU
	EndGlobalSection
	GlobalSection(SolutionProperties) = preSolution
		HideSolutionNode = FALSE
	EndGlobalSection
	GlobalSection(ExtensibilityGlobals) = postSolution
		SolutionGuid = {31F5751D-3266-4FF0-AF28-7EED5BAAD1FE}
	EndGlobalSection
EndGlobal
