
Microsoft Visual Studio Solution File, Format Version 12.00
# Visual Studio Version 17
VisualStudioVersion = 17.12.35514.174 d17.12
MinimumVisualStudioVersion = 10.0.40219.1
Project("{FAE04EC0-301F-11D3-BF4B-00C04F79EFBC}") = "SetOperations", "SetOperations\SetOperations.csproj", "{80AEE0E7-8C5A-44FC-B389-7BC5137ED0C4}"
EndProject
Project("{FAE04EC0-301F-11D3-BF4B-00C04F79EFBC}") = "Filtering", "Filtering\Filtering.csproj", "{6CA486D8-11E1-4306-BF9C-E69018810070}"
EndProject
Project("{FAE04EC0-301F-11D3-BF4B-00C04F79EFBC}") = "QuantifierOperations", "QuantifierOperations\QuantifierOperations.csproj", "{0690E139-ABD6-4208-AD0C-E07E2B26989B}"
EndProject
Global
	GlobalSection(SolutionConfigurationPlatforms) = preSolution
		Debug|Any CPU = Debug|Any CPU
		Release|Any CPU = Release|Any CPU
	EndGlobalSection
	GlobalSection(ProjectConfigurationPlatforms) = postSolution
		{80AEE0E7-8C5A-44FC-B389-7BC5137ED0C4}.Debug|Any CPU.ActiveCfg = Debug|Any CPU
		{80AEE0E7-8C5A-44FC-B389-7BC5137ED0C4}.Debug|Any CPU.Build.0 = Debug|Any CPU
		{80AEE0E7-8C5A-44FC-B389-7BC5137ED0C4}.Release|Any CPU.ActiveCfg = Release|Any CPU
		{80AEE0E7-8C5A-44FC-B389-7BC5137ED0C4}.Release|Any CPU.Build.0 = Release|Any CPU
		{6CA486D8-11E1-4306-BF9C-E69018810070}.Debug|Any CPU.ActiveCfg = Debug|Any CPU
		{6CA486D8-11E1-4306-BF9C-E69018810070}.Debug|Any CPU.Build.0 = Debug|Any CPU
		{6CA486D8-11E1-4306-BF9C-E69018810070}.Release|Any CPU.ActiveCfg = Release|Any CPU
		{6CA486D8-11E1-4306-BF9C-E69018810070}.Release|Any CPU.Build.0 = Release|Any CPU
		{0690E139-ABD6-4208-AD0C-E07E2B26989B}.Debug|Any CPU.ActiveCfg = Debug|Any CPU
		{0690E139-ABD6-4208-AD0C-E07E2B26989B}.Debug|Any CPU.Build.0 = Debug|Any CPU
		{0690E139-ABD6-4208-AD0C-E07E2B26989B}.Release|Any CPU.ActiveCfg = Release|Any CPU
		{0690E139-ABD6-4208-AD0C-E07E2B26989B}.Release|Any CPU.Build.0 = Release|Any CPU
	EndGlobalSection
	GlobalSection(SolutionProperties) = preSolution
		HideSolutionNode = FALSE
	EndGlobalSection
EndGlobal
