
Microsoft Visual Studio Solution File, Format Version 12.00
# Visual Studio Version 17
VisualStudioVersion = 17.13.35806.99 d17.13
MinimumVisualStudioVersion = 10.0.40219.1
Project("{FAE04EC0-301F-11D3-BF4B-00C04F79EFBC}") = "JobApplication", "JobApplication.csproj", "{EDF82B42-FE28-42F8-B245-E7DE9964970C}"
EndProject
Global
	GlobalSection(SolutionConfigurationPlatforms) = preSolution
		Debug|Any CPU = Debug|Any CPU
		Release|Any CPU = Release|Any CPU
	EndGlobalSection
	GlobalSection(ProjectConfigurationPlatforms) = postSolution
		{EDF82B42-FE28-42F8-B245-E7DE9964970C}.Debug|Any CPU.ActiveCfg = Debug|Any CPU
		{EDF82B42-FE28-42F8-B245-E7DE9964970C}.Debug|Any CPU.Build.0 = Debug|Any CPU
		{EDF82B42-FE28-42F8-B245-E7DE9964970C}.Release|Any CPU.ActiveCfg = Release|Any CPU
		{EDF82B42-FE28-42F8-B245-E7DE9964970C}.Release|Any CPU.Build.0 = Release|Any CPU
	EndGlobalSection
	GlobalSection(SolutionProperties) = preSolution
		HideSolutionNode = FALSE
	EndGlobalSection
	GlobalSection(ExtensibilityGlobals) = postSolution
		SolutionGuid = {FCEA699A-AF24-4114-AD96-508EEC1B9BAE}
	EndGlobalSection
EndGlobal
