
Microsoft Visual Studio Solution File, Format Version 12.00
# Visual Studio Version 17
VisualStudioVersion = 17.13.35806.99
MinimumVisualStudioVersion = 10.0.40219.1
Project("{FAE04EC0-301F-11D3-BF4B-00C04F79EFBC}") = "WebApplication1", "WebApplication1.csproj", "{2AE928F6-AF07-4ACD-8B91-92AD7790A7B9}"
EndProject
Global
	GlobalSection(SolutionConfigurationPlatforms) = preSolution
		Debug|Any CPU = Debug|Any CPU
		Release|Any CPU = Release|Any CPU
	EndGlobalSection
	GlobalSection(ProjectConfigurationPlatforms) = postSolution
		{2AE928F6-AF07-4ACD-8B91-92AD7790A7B9}.Debug|Any CPU.ActiveCfg = Debug|Any CPU
		{2AE928F6-AF07-4ACD-8B91-92AD7790A7B9}.Debug|Any CPU.Build.0 = Debug|Any CPU
		{2AE928F6-AF07-4ACD-8B91-92AD7790A7B9}.Release|Any CPU.ActiveCfg = Release|Any CPU
		{2AE928F6-AF07-4ACD-8B91-92AD7790A7B9}.Release|Any CPU.Build.0 = Release|Any CPU
	EndGlobalSection
	GlobalSection(SolutionProperties) = preSolution
		HideSolutionNode = FALSE
	EndGlobalSection
	GlobalSection(ExtensibilityGlobals) = postSolution
		SolutionGuid = {F4195E40-5CB5-4077-AF4A-ADE165200F59}
	EndGlobalSection
EndGlobal
