
Microsoft Visual Studio Solution File, Format Version 12.00
# Visual Studio Version 17
VisualStudioVersion = 17.13.35818.85 d17.13
MinimumVisualStudioVersion = 10.0.40219.1
Project("{FAE04EC0-301F-11D3-BF4B-00C04F79EFBC}") = "Registration_Activity", "Registration_Activity.csproj", "{EAF5296F-2EE0-49CD-9117-B8A1CEC2041D}"
EndProject
Global
	GlobalSection(SolutionConfigurationPlatforms) = preSolution
		Debug|Any CPU = Debug|Any CPU
		Release|Any CPU = Release|Any CPU
	EndGlobalSection
	GlobalSection(ProjectConfigurationPlatforms) = postSolution
		{EAF5296F-2EE0-49CD-9117-B8A1CEC2041D}.Debug|Any CPU.ActiveCfg = Debug|Any CPU
		{EAF5296F-2EE0-49CD-9117-B8A1CEC2041D}.Debug|Any CPU.Build.0 = Debug|Any CPU
		{EAF5296F-2EE0-49CD-9117-B8A1CEC2041D}.Release|Any CPU.ActiveCfg = Release|Any CPU
		{EAF5296F-2EE0-49CD-9117-B8A1CEC2041D}.Release|Any CPU.Build.0 = Release|Any CPU
	EndGlobalSection
	GlobalSection(SolutionProperties) = preSolution
		HideSolutionNode = FALSE
	EndGlobalSection
	GlobalSection(ExtensibilityGlobals) = postSolution
		SolutionGuid = {68E55F36-9CC5-4CB7-BAF6-D092660AB962}
	EndGlobalSection
EndGlobal
