
Microsoft Visual Studio Solution File, Format Version 12.00
# Visual Studio Version 17
VisualStudioVersion = 17.13.35818.85 d17.13
MinimumVisualStudioVersion = 10.0.40219.1
Project("{FAE04EC0-301F-11D3-BF4B-00C04F79EFBC}") = "Rexercisee", "Rexercisee.csproj", "{227E7407-42C7-4B8E-9D98-3A2F65232847}"
EndProject
Global
	GlobalSection(SolutionConfigurationPlatforms) = preSolution
		Debug|Any CPU = Debug|Any CPU
		Release|Any CPU = Release|Any CPU
	EndGlobalSection
	GlobalSection(ProjectConfigurationPlatforms) = postSolution
		{227E7407-42C7-4B8E-9D98-3A2F65232847}.Debug|Any CPU.ActiveCfg = Debug|Any CPU
		{227E7407-42C7-4B8E-9D98-3A2F65232847}.Debug|Any CPU.Build.0 = Debug|Any CPU
		{227E7407-42C7-4B8E-9D98-3A2F65232847}.Release|Any CPU.ActiveCfg = Release|Any CPU
		{227E7407-42C7-4B8E-9D98-3A2F65232847}.Release|Any CPU.Build.0 = Release|Any CPU
	EndGlobalSection
	GlobalSection(SolutionProperties) = preSolution
		HideSolutionNode = FALSE
	EndGlobalSection
	GlobalSection(ExtensibilityGlobals) = postSolution
		SolutionGuid = {E82E9CC0-8207-404C-97A7-7C9B420E4999}
	EndGlobalSection
EndGlobal
