
Microsoft Visual Studio Solution File, Format Version 12.00
# Visual Studio Version 17
VisualStudioVersion = 17.13.35919.96 d17.13
MinimumVisualStudioVersion = 10.0.40219.1
Project("{FAE04EC0-301F-11D3-BF4B-00C04F79EFBC}") = "Exam-3", "Exam-3\Exam-3.csproj", "{7F0FCF81-684F-4002-BC6E-8A4C197C52F5}"
EndProject
Global
	GlobalSection(SolutionConfigurationPlatforms) = preSolution
		Debug|Any CPU = Debug|Any CPU
		Release|Any CPU = Release|Any CPU
	EndGlobalSection
	GlobalSection(ProjectConfigurationPlatforms) = postSolution
		{7F0FCF81-684F-4002-BC6E-8A4C197C52F5}.Debug|Any CPU.ActiveCfg = Debug|Any CPU
		{7F0FCF81-684F-4002-BC6E-8A4C197C52F5}.Debug|Any CPU.Build.0 = Debug|Any CPU
		{7F0FCF81-684F-4002-BC6E-8A4C197C52F5}.Release|Any CPU.ActiveCfg = Release|Any CPU
		{7F0FCF81-684F-4002-BC6E-8A4C197C52F5}.Release|Any CPU.Build.0 = Release|Any CPU
	EndGlobalSection
	GlobalSection(SolutionProperties) = preSolution
		HideSolutionNode = FALSE
	EndGlobalSection
	GlobalSection(ExtensibilityGlobals) = postSolution
		SolutionGuid = {704E7C9E-27BA-49B0-B0A2-9FD936445AB9}
	EndGlobalSection
EndGlobal
