
Microsoft Visual Studio Solution File, Format Version 12.00
# Visual Studio Version 17
VisualStudioVersion = 17.13.35806.99 d17.13
MinimumVisualStudioVersion = 10.0.40219.1
Project("{FAE04EC0-301F-11D3-BF4B-00C04F79EFBC}") = "Conditional statement", "Conditional statement.csproj", "{6D4C64DE-D254-46DD-8BAF-780D2D207D44}"
EndProject
Global
	GlobalSection(SolutionConfigurationPlatforms) = preSolution
		Debug|Any CPU = Debug|Any CPU
		Release|Any CPU = Release|Any CPU
	EndGlobalSection
	GlobalSection(ProjectConfigurationPlatforms) = postSolution
		{6D4C64DE-D254-46DD-8BAF-780D2D207D44}.Debug|Any CPU.ActiveCfg = Debug|Any CPU
		{6D4C64DE-D254-46DD-8BAF-780D2D207D44}.Debug|Any CPU.Build.0 = Debug|Any CPU
		{6D4C64DE-D254-46DD-8BAF-780D2D207D44}.Release|Any CPU.ActiveCfg = Release|Any CPU
		{6D4C64DE-D254-46DD-8BAF-780D2D207D44}.Release|Any CPU.Build.0 = Release|Any CPU
	EndGlobalSection
	GlobalSection(SolutionProperties) = preSolution
		HideSolutionNode = FALSE
	EndGlobalSection
	GlobalSection(ExtensibilityGlobals) = postSolution
		SolutionGuid = {3D4C936D-3393-4AC8-80B6-AFBD5572001B}
	EndGlobalSection
EndGlobal
