
Microsoft Visual Studio Solution File, Format Version 12.00
# Visual Studio Version 17
VisualStudioVersion = 17.13.35818.85 d17.13
MinimumVisualStudioVersion = 10.0.40219.1
Project("{FAE04EC0-301F-11D3-BF4B-00C04F79EFBC}") = "Activity 1 codefirst", "Activity 1 codefirst.csproj", "{47DFF0BF-A23F-40A9-9E77-CBD0D461DE86}"
EndProject
Global
	GlobalSection(SolutionConfigurationPlatforms) = preSolution
		Debug|Any CPU = Debug|Any CPU
		Release|Any CPU = Release|Any CPU
	EndGlobalSection
	GlobalSection(ProjectConfigurationPlatforms) = postSolution
		{47DFF0BF-A23F-40A9-9E77-CBD0D461DE86}.Debug|Any CPU.ActiveCfg = Debug|Any CPU
		{47DFF0BF-A23F-40A9-9E77-CBD0D461DE86}.Debug|Any CPU.Build.0 = Debug|Any CPU
		{47DFF0BF-A23F-40A9-9E77-CBD0D461DE86}.Release|Any CPU.ActiveCfg = Release|Any CPU
		{47DFF0BF-A23F-40A9-9E77-CBD0D461DE86}.Release|Any CPU.Build.0 = Release|Any CPU
	EndGlobalSection
	GlobalSection(SolutionProperties) = preSolution
		HideSolutionNode = FALSE
	EndGlobalSection
	GlobalSection(ExtensibilityGlobals) = postSolution
		SolutionGuid = {C9E338AF-7800-4E4A-853C-6FA9AEE586FC}
	EndGlobalSection
EndGlobal
