
Microsoft Visual Studio Solution File, Format Version 12.00
# Visual Studio Version 17
VisualStudioVersion = 17.13.35806.99 d17.13
MinimumVisualStudioVersion = 10.0.40219.1
Project("{FAE04EC0-301F-11D3-BF4B-00C04F79EFBC}") = "PatientRecord", "PatientRecord.csproj", "{699449BF-DDFD-4D59-966C-86611C704364}"
EndProject
Global
	GlobalSection(SolutionConfigurationPlatforms) = preSolution
		Debug|Any CPU = Debug|Any CPU
		Release|Any CPU = Release|Any CPU
	EndGlobalSection
	GlobalSection(ProjectConfigurationPlatforms) = postSolution
		{699449BF-DDFD-4D59-966C-86611C704364}.Debug|Any CPU.ActiveCfg = Debug|Any CPU
		{699449BF-DDFD-4D59-966C-86611C704364}.Debug|Any CPU.Build.0 = Debug|Any CPU
		{699449BF-DDFD-4D59-966C-86611C704364}.Release|Any CPU.ActiveCfg = Release|Any CPU
		{699449BF-DDFD-4D59-966C-86611C704364}.Release|Any CPU.Build.0 = Release|Any CPU
	EndGlobalSection
	GlobalSection(SolutionProperties) = preSolution
		HideSolutionNode = FALSE
	EndGlobalSection
	GlobalSection(ExtensibilityGlobals) = postSolution
		SolutionGuid = {C4CB1F35-9FDD-47E0-B8A0-8AA814D17F1C}
	EndGlobalSection
EndGlobal
