
Microsoft Visual Studio Solution File, Format Version 12.00
# Visual Studio Version 17
VisualStudioVersion = 17.14.36310.24 d17.14
MinimumVisualStudioVersion = 10.0.40219.1
Project("{FAE04EC0-301F-11D3-BF4B-00C04F79EFBC}") = "BlazorExamm", "BlazorExamm.csproj", "{A578C297-CFB5-4D6E-AD58-E5DADBFFE8DC}"
EndProject
Global
	GlobalSection(SolutionConfigurationPlatforms) = preSolution
		Debug|Any CPU = Debug|Any CPU
		Release|Any CPU = Release|Any CPU
	EndGlobalSection
	GlobalSection(ProjectConfigurationPlatforms) = postSolution
		{A578C297-CFB5-4D6E-AD58-E5DADBFFE8DC}.Debug|Any CPU.ActiveCfg = Debug|Any CPU
		{A578C297-CFB5-4D6E-AD58-E5DADBFFE8DC}.Debug|Any CPU.Build.0 = Debug|Any CPU
		{A578C297-CFB5-4D6E-AD58-E5DADBFFE8DC}.Release|Any CPU.ActiveCfg = Release|Any CPU
		{A578C297-CFB5-4D6E-AD58-E5DADBFFE8DC}.Release|Any CPU.Build.0 = Release|Any CPU
	EndGlobalSection
	GlobalSection(SolutionProperties) = preSolution
		HideSolutionNode = FALSE
	EndGlobalSection
	GlobalSection(ExtensibilityGlobals) = postSolution
		SolutionGuid = {F2F84C54-1B29-4A24-8A4A-C282BE30C85A}
	EndGlobalSection
EndGlobal
